
Microsoft Visual Studio Solution File, Format Version 12.00
# Visual Studio Version 17
VisualStudioVersion = 17.11.35327.3
MinimumVisualStudioVersion = 10.0.40219.1
Project("{FAE04EC0-301F-11D3-BF4B-00C04F79EFBC}") = "ProductWebApi1", "ProductWebApi1.csproj", "{BD32F0F1-38D7-4437-9479-D6F829C0D8A6}"
EndProject
Global
	GlobalSection(SolutionConfigurationPlatforms) = preSolution
		Debug|Any CPU = Debug|Any CPU
		Release|Any CPU = Release|Any CPU
	EndGlobalSection
	GlobalSection(ProjectConfigurationPlatforms) = postSolution
		{BD32F0F1-38D7-4437-9479-D6F829C0D8A6}.Debug|Any CPU.ActiveCfg = Debug|Any CPU
		{BD32F0F1-38D7-4437-9479-D6F829C0D8A6}.Debug|Any CPU.Build.0 = Debug|Any CPU
		{BD32F0F1-38D7-4437-9479-D6F829C0D8A6}.Release|Any CPU.ActiveCfg = Release|Any CPU
		{BD32F0F1-38D7-4437-9479-D6F829C0D8A6}.Release|Any CPU.Build.0 = Release|Any CPU
	EndGlobalSection
	GlobalSection(SolutionProperties) = preSolution
		HideSolutionNode = FALSE
	EndGlobalSection
	GlobalSection(ExtensibilityGlobals) = postSolution
		SolutionGuid = {B940CAD7-D54E-48B2-85E6-3A6F26E59D16}
	EndGlobalSection
EndGlobal
